// !$*UTF8*$!
{
	archiveVersion = 1;
	classes = {
	};
	objectVersion = 48;
	objects = {

/* Begin PBXBuildFile section */
		84C391991FA5233C0097642C /* AppDelegate.swift in Sources */ = {isa = PBXBuildFile; fileRef = 84C391981FA5233C0097642C /* AppDelegate.swift */; };
		84C3919B1FA5233C0097642C /* ViewController.swift in Sources */ = {isa = PBXBuildFile; fileRef = 84C3919A1FA5233C0097642C /* ViewController.swift */; };
		84C3919E1FA5233C0097642C /* Main.storyboard in Resources */ = {isa = PBXBuildFile; fileRef = 84C3919C1FA5233C0097642C /* Main.storyboard */; };
		84C391A01FA5233C0097642C /* Assets.xcassets in Resources */ = {isa = PBXBuildFile; fileRef = 84C3919F1FA5233C0097642C /* Assets.xcassets */; };
		84C391A31FA5233C0097642C /* LaunchScreen.storyboard in Resources */ = {isa = PBXBuildFile; fileRef = 84C391A11FA5233C0097642C /* LaunchScreen.storyboard */; };
		84C391AE1FA5233C0097642C /* Mezclador_ColoresTests.swift in Sources */ = {isa = PBXBuildFile; fileRef = 84C391AD1FA5233C0097642C /* Mezclador_ColoresTests.swift */; };
		84C391B91FA5233C0097642C /* Mezclador_ColoresUITests.swift in Sources */ = {isa = PBXBuildFile; fileRef = 84C391B81FA5233C0097642C /* Mezclador_ColoresUITests.swift */; };
/* End PBXBuildFile section */

/* Begin PBXContainerItemProxy section */
		84C391AA1FA5233C0097642C /* PBXContainerItemProxy */ = {
			isa = PBXContainerItemProxy;
			containerPortal = 84C3918D1FA5233C0097642C /* Project object */;
			proxyType = 1;
			remoteGlobalIDString = 84C391941FA5233C0097642C;
			remoteInfo = "Mezclador Colores";
		};
		84C391B51FA5233C0097642C /* PBXContainerItemProxy */ = {
			isa = PBXContainerItemProxy;
			containerPortal = 84C3918D1FA5233C0097642C /* Project object */;
			proxyType = 1;
			remoteGlobalIDString = 84C391941FA5233C0097642C;
			remoteInfo = "Mezclador Colores";
		};
/* End PBXContainerItemProxy section */

/* Begin PBXFileReference section */
		84C391951FA5233C0097642C /* Mezclador Colores.app */ = {isa = PBXFileReference; explicitFileType = wrapper.application; includeInIndex = 0; path = "Mezclador Colores.app"; sourceTree = BUILT_PRODUCTS_DIR; };
		84C391981FA5233C0097642C /* AppDelegate.swift */ = {isa = PBXFileReference; lastKnownFileType = sourcecode.swift; path = AppDelegate.swift; sourceTree = "<group>"; };
		84C3919A1FA5233C0097642C /* ViewController.swift */ = {isa = PBXFileReference; lastKnownFileType = sourcecode.swift; path = ViewController.swift; sourceTree = "<group>"; };
		84C3919D1FA5233C0097642C /* Base */ = {isa = PBXFileReference; lastKnownFileType = file.storyboard; name = Base; path = Base.lproj/Main.storyboard; sourceTree = "<group>"; };
		84C3919F1FA5233C0097642C /* Assets.xcassets */ = {isa = PBXFileReference; lastKnownFileType = folder.assetcatalog; path = Assets.xcassets; sourceTree = "<group>"; };
		84C391A21FA5233C0097642C /* Base */ = {isa = PBXFileReference; lastKnownFileType = file.storyboard; name = Base; path = Base.lproj/LaunchScreen.storyboard; sourceTree = "<group>"; };
		84C391A41FA5233C0097642C /* Info.plist */ = {isa = PBXFileReference; lastKnownFileType = text.plist.xml; path = Info.plist; sourceTree = "<group>"; };
		84C391A91FA5233C0097642C /* Mezclador ColoresTests.xctest */ = {isa = PBXFileReference; explicitFileType = wrapper.cfbundle; includeInIndex = 0; path = "Mezclador ColoresTests.xctest"; sourceTree = BUILT_PRODUCTS_DIR; };
		84C391AD1FA5233C0097642C /* Mezclador_ColoresTests.swift */ = {isa = PBXFileReference; lastKnownFileType = sourcecode.swift; path = Mezclador_ColoresTests.swift; sourceTree = "<group>"; };
		84C391AF1FA5233C0097642C /* Info.plist */ = {isa = PBXFileReference; lastKnownFileType = text.plist.xml; path = Info.plist; sourceTree = "<group>"; };
		84C391B41FA5233C0097642C /* Mezclador ColoresUITests.xctest */ = {isa = PBXFileReference; explicitFileType = wrapper.cfbundle; includeInIndex = 0; path = "Mezclador ColoresUITests.xctest"; sourceTree = BUILT_PRODUCTS_DIR; };
		84C391B81FA5233C0097642C /* Mezclador_ColoresUITests.swift */ = {isa = PBXFileReference; lastKnownFileType = sourcecode.swift; path = Mezclador_ColoresUITests.swift; sourceTree = "<group>"; };
		84C391BA1FA5233C0097642C /* Info.plist */ = {isa = PBXFileReference; lastKnownFileType = text.plist.xml; path = Info.plist; sourceTree = "<group>"; };
/* End PBXFileReference section */

/* Begin PBXFrameworksBuildPhase section */
		84C391921FA5233C0097642C /* Frameworks */ = {
			isa = PBXFrameworksBuildPhase;
			buildActionMask = 2147483647;
			files = (
			);
			runOnlyForDeploymentPostprocessing = 0;
		};
		84C391A61FA5233C0097642C /* Frameworks */ = {
			isa = PBXFrameworksBuildPhase;
			buildActionMask = 2147483647;
			files = (
			);
			runOnlyForDeploymentPostprocessing = 0;
		};
		84C391B11FA5233C0097642C /* Frameworks */ = {
			isa = PBXFrameworksBuildPhase;
			buildActionMask = 2147483647;
			files = (
			);
			runOnlyForDeploymentPostprocessing = 0;
		};
/* End PBXFrameworksBuildPhase section */

/* Begin PBXGroup section */
		84C3918C1FA5233C0097642C = {
			isa = PBXGroup;
			children = (
				84C391971FA5233C0097642C /* Mezclador Colores */,
				84C391AC1FA5233C0097642C /* Mezclador ColoresTests */,
				84C391B71FA5233C0097642C /* Mezclador ColoresUITests */,
				84C391961FA5233C0097642C /* Products */,
			);
			sourceTree = "<group>";
		};
		84C391961FA5233C0097642C /* Products */ = {
			isa = PBXGroup;
			children = (
				84C391951FA5233C0097642C /* Mezclador Colores.app */,
				84C391A91FA5233C0097642C /* Mezclador ColoresTests.xctest */,
				84C391B41FA5233C0097642C /* Mezclador ColoresUITests.xctest */,
			);
			name = Products;
			sourceTree = "<group>";
		};
		84C391971FA5233C0097642C /* Mezclador Colores */ = {
			isa = PBXGroup;
			children = (
				84C391981FA5233C0097642C /* AppDelegate.swift */,
				84C3919A1FA5233C0097642C /* ViewController.swift */,
				84C3919C1FA5233C0097642C /* Main.storyboard */,
				84C3919F1FA5233C0097642C /* Assets.xcassets */,
				84C391A11FA5233C0097642C /* LaunchScreen.storyboard */,
				84C391A41FA5233C0097642C /* Info.plist */,
			);
			path = "Mezclador Colores";
			sourceTree = "<group>";
		};
		84C391AC1FA5233C0097642C /* Mezclador ColoresTests */ = {
			isa = PBXGroup;
			children = (
				84C391AD1FA5233C0097642C /* Mezclador_ColoresTests.swift */,
				84C391AF1FA5233C0097642C /* Info.plist */,
			);
			path = "Mezclador ColoresTests";
			sourceTree = "<group>";
		};
		84C391B71FA5233C0097642C /* Mezclador ColoresUITests */ = {
			isa = PBXGroup;
			children = (
				84C391B81FA5233C0097642C /* Mezclador_ColoresUITests.swift */,
				84C391BA1FA5233C0097642C /* Info.plist */,
			);
			path = "Mezclador ColoresUITests";
			sourceTree = "<group>";
		};
/* End PBXGroup section */

/* Begin PBXNativeTarget section */
		84C391941FA5233C0097642C /* Mezclador Colores */ = {
			isa = PBXNativeTarget;
			buildConfigurationList = 84C391BD1FA5233C0097642C /* Build configuration list for PBXNativeTarget "Mezclador Colores" */;
			buildPhases = (
				84C391911FA5233C0097642C /* Sources */,
				84C391921FA5233C0097642C /* Frameworks */,
				84C391931FA5233C0097642C /* Resources */,
			);
			buildRules = (
			);
			dependencies = (
			);
			name = "Mezclador Colores";
			productName = "Mezclador Colores";
			productReference = 84C391951FA5233C0097642C /* Mezclador Colores.app */;
			productType = "com.apple.product-type.application";
		};
		84C391A81FA5233C0097642C /* Mezclador ColoresTests */ = {
			isa = PBXNativeTarget;
			buildConfigurationList = 84C391C01FA5233C0097642C /* Build configuration list for PBXNativeTarget "Mezclador ColoresTests" */;
			buildPhases = (
				84C391A51FA5233C0097642C /* Sources */,
				84C391A61FA5233C0097642C /* Frameworks */,
				84C391A71FA5233C0097642C /* Resources */,
			);
			buildRules = (
			);
			dependencies = (
				84C391AB1FA5233C0097642C /* PBXTargetDependency */,
			);
			name = "Mezclador ColoresTests";
			productName = "Mezclador ColoresTests";
			productReference = 84C391A91FA5233C0097642C /* Mezclador ColoresTests.xctest */;
			productType = "com.apple.product-type.bundle.unit-test";
		};
		84C391B31FA5233C0097642C /* Mezclador ColoresUITests */ = {
			isa = PBXNativeTarget;
			buildConfigurationList = 84C391C31FA5233C0097642C /* Build configuration list for PBXNativeTarget "Mezclador ColoresUITests" */;
			buildPhases = (
				84C391B01FA5233C0097642C /* Sources */,
				84C391B11FA5233C0097642C /* Frameworks */,
				84C391B21FA5233C0097642C /* Resources */,
			);
			buildRules = (
			);
			dependencies = (
				84C391B61FA5233C0097642C /* PBXTargetDependency */,
			);
			name = "Mezclador ColoresUITests";
			productName = "Mezclador ColoresUITests";
			productReference = 84C391B41FA5233C0097642C /* Mezclador ColoresUITests.xctest */;
			productType = "com.apple.product-type.bundle.ui-testing";
		};
/* End PBXNativeTarget section */

/* Begin PBXProject section */
		84C3918D1FA5233C0097642C /* Project object */ = {
			isa = PBXProject;
			attributes = {
				LastSwiftUpdateCheck = 0910;
				LastUpgradeCheck = 0910;
				ORGANIZATIONNAME = Udacity;
				TargetAttributes = {
					84C391941FA5233C0097642C = {
						CreatedOnToolsVersion = 9.1;
						ProvisioningStyle = Automatic;
					};
					84C391A81FA5233C0097642C = {
						CreatedOnToolsVersion = 9.1;
						ProvisioningStyle = Automatic;
						TestTargetID = 84C391941FA5233C0097642C;
					};
					84C391B31FA5233C0097642C = {
						CreatedOnToolsVersion = 9.1;
						ProvisioningStyle = Automatic;
						TestTargetID = 84C391941FA5233C0097642C;
					};
				};
			};
			buildConfigurationList = 84C391901FA5233C0097642C /* Build configuration list for PBXProject "Mezclador Colores" */;
			compatibilityVersion = "Xcode 8.0";
			developmentRegion = en;
			hasScannedForEncodings = 0;
			knownRegions = (
				en,
				Base,
			);
			mainGroup = 84C3918C1FA5233C0097642C;
			productRefGroup = 84C391961FA5233C0097642C /* Products */;
			projectDirPath = "";
			projectRoot = "";
			targets = (
				84C391941FA5233C0097642C /* Mezclador Colores */,
				84C391A81FA5233C0097642C /* Mezclador ColoresTests */,
				84C391B31FA5233C0097642C /* Mezclador ColoresUITests */,
			);
		};
/* End PBXProject section */

/* Begin PBXResourcesBuildPhase section */
		84C391931FA5233C0097642C /* Resources */ = {
			isa = PBXResourcesBuildPhase;
			buildActionMask = 2147483647;
			files = (
				84C391A31FA5233C0097642C /* LaunchScreen.storyboard in Resources */,
				84C391A01FA5233C0097642C /* Assets.xcassets in Resources */,
				84C3919E1FA5233C0097642C /* Main.storyboard in Resources */,
			);
			runOnlyForDeploymentPostprocessing = 0;
		};
		84C391A71FA5233C0097642C /* Resources */ = {
			isa = PBXResourcesBuildPhase;
			buildActionMask = 2147483647;
			files = (
			);
			runOnlyForDeploymentPostprocessing = 0;
		};
		84C391B21FA5233C0097642C /* Resources */ = {
			isa = PBXResourcesBuildPhase;
			buildActionMask = 2147483647;
			files = (
			);
			runOnlyForDeploymentPostprocessing = 0;
		};
/* End PBXResourcesBuildPhase section */

/* Begin PBXSourcesBuildPhase section */
		84C391911FA5233C0097642C /* Sources */ = {
			isa = PBXSourcesBuildPhase;
			buildActionMask = 2147483647;
			files = (
				84C3919B1FA5233C0097642C /* ViewController.swift in Sources */,
				84C391991FA5233C0097642C /* AppDelegate.swift in Sources */,
			);
			runOnlyForDeploymentPostprocessing = 0;
		};
		84C391A51FA5233C0097642C /* Sources */ = {
			isa = PBXSourcesBuildPhase;
			buildActionMask = 2147483647;
			files = (
				84C391AE1FA5233C0097642C /* Mezclador_ColoresTests.swift in Sources */,
			);
			runOnlyForDeploymentPostprocessing = 0;
		};
		84C391B01FA5233C0097642C /* Sources */ = {
			isa = PBXSourcesBuildPhase;
			buildActionMask = 2147483647;
			files = (
				84C391B91FA5233C0097642C /* Mezclador_ColoresUITests.swift in Sources */,
			);
			runOnlyForDeploymentPostprocessing = 0;
		};
/* End PBXSourcesBuildPhase section */

/* Begin PBXTargetDependency section */
		84C391AB1FA5233C0097642C /* PBXTargetDependency */ = {
			isa = PBXTargetDependency;
			target = 84C391941FA5233C0097642C /* Mezclador Colores */;
			targetProxy = 84C391AA1FA5233C0097642C /* PBXContainerItemProxy */;
		};
		84C391B61FA5233C0097642C /* PBXTargetDependency */ = {
			isa = PBXTargetDependency;
			target = 84C391941FA5233C0097642C /* Mezclador Colores */;
			targetProxy = 84C391B51FA5233C0097642C /* PBXContainerItemProxy */;
		};
/* End PBXTargetDependency section */

/* Begin PBXVariantGroup section */
		84C3919C1FA5233C0097642C /* Main.storyboard */ = {
			isa = PBXVariantGroup;
			children = (
				84C3919D1FA5233C0097642C /* Base */,
			);
			name = Main.storyboard;
			sourceTree = "<group>";
		};
		84C391A11FA5233C0097642C /* LaunchScreen.storyboard */ = {
			isa = PBXVariantGroup;
			children = (
				84C391A21FA5233C0097642C /* Base */,
			);
			name = LaunchScreen.storyboard;
			sourceTree = "<group>";
		};
/* End PBXVariantGroup section */

/* Begin XCBuildConfiguration section */
		84C391BB1FA5233C0097642C /* Debug */ = {
			isa = XCBuildConfiguration;
			buildSettings = {
				ALWAYS_SEARCH_USER_PATHS = NO;
				CLANG_ANALYZER_NONNULL = YES;
				CLANG_ANALYZER_NUMBER_OBJECT_CONVERSION = YES_AGGRESSIVE;
				CLANG_CXX_LANGUAGE_STANDARD = "gnu++14";
				CLANG_CXX_LIBRARY = "libc++";
				CLANG_ENABLE_MODULES = YES;
				CLANG_ENABLE_OBJC_ARC = YES;
				CLANG_WARN_BLOCK_CAPTURE_AUTORELEASING = YES;
				CLANG_WARN_BOOL_CONVERSION = YES;
				CLANG_WARN_COMMA = YES;
				CLANG_WARN_CONSTANT_CONVERSION = YES;
				CLANG_WARN_DIRECT_OBJC_ISA_USAGE = YES_ERROR;
				CLANG_WARN_DOCUMENTATION_COMMENTS = YES;
				CLANG_WARN_EMPTY_BODY = YES;
				CLANG_WARN_ENUM_CONVERSION = YES;
				CLANG_WARN_INFINITE_RECURSION = YES;
				CLANG_WARN_INT_CONVERSION = YES;
				CLANG_WARN_NON_LITERAL_NULL_CONVERSION = YES;
				CLANG_WARN_OBJC_LITERAL_CONVERSION = YES;
				CLANG_WARN_OBJC_ROOT_CLASS = YES_ERROR;
				CLANG_WARN_RANGE_LOOP_ANALYSIS = YES;
				CLANG_WARN_STRICT_PROTOTYPES = YES;
				CLANG_WARN_SUSPICIOUS_MOVE = YES;
				CLANG_WARN_UNGUARDED_AVAILABILITY = YES_AGGRESSIVE;
				CLANG_WARN_UNREACHABLE_CODE = YES;
				CLANG_WARN__DUPLICATE_METHOD_MATCH = YES;
				CODE_SIGN_IDENTITY = "iPhone Developer";
				COPY_PHASE_STRIP = NO;
				DEBUG_INFORMATION_FORMAT = dwarf;
				ENABLE_STRICT_OBJC_MSGSEND = YES;
				ENABLE_TESTABILITY = YES;
				GCC_C_LANGUAGE_STANDARD = gnu11;
				GCC_DYNAMIC_NO_PIC = NO;
				GCC_NO_COMMON_BLOCKS = YES;
				GCC_OPTIMIZATION_LEVEL = 0;
				GCC_PREPROCESSOR_DEFINITIONS = (
					"DEBUG=1",
					"$(inherited)",
				);
				GCC_WARN_64_TO_32_BIT_CONVERSION = YES;
				GCC_WARN_ABOUT_RETURN_TYPE = YES_ERROR;
				GCC_WARN_UNDECLARED_SELECTOR = YES;
				GCC_WARN_UNINITIALIZED_AUTOS = YES_AGGRESSIVE;
				GCC_WARN_UNUSED_FUNCTION = YES;
				GCC_WARN_UNUSED_VARIABLE = YES;
				IPHONEOS_DEPLOYMENT_TARGET = 11.1;
				MTL_ENABLE_DEBUG_INFO = YES;
				ONLY_ACTIVE_ARCH = YES;
				SDKROOT = iphoneos;
				SWIFT_ACTIVE_COMPILATION_CONDITIONS = DEBUG;
				SWIFT_OPTIMIZATION_LEVEL = "-Onone";
			};
			name = Debug;
		};
		84C391BC1FA5233C0097642C /* Release */ = {
			isa = XCBuildConfiguration;
			buildSettings = {
				ALWAYS_SEARCH_USER_PATHS = NO;
				CLANG_ANALYZER_NONNULL = YES;
				CLANG_ANALYZER_NUMBER_OBJECT_CONVERSION = YES_AGGRESSIVE;
				CLANG_CXX_LANGUAGE_STANDARD = "gnu++14";
				CLANG_CXX_LIBRARY = "libc++";
				CLANG_ENABLE_MODULES = YES;
				CLANG_ENABLE_OBJC_ARC = YES;
				CLANG_WARN_BLOCK_CAPTURE_AUTORELEASING = YES;
				CLANG_WARN_BOOL_CONVERSION = YES;
				CLANG_WARN_COMMA = YES;
				CLANG_WARN_CONSTANT_CONVERSION = YES;
				CLANG_WARN_DIRECT_OBJC_ISA_USAGE = YES_ERROR;
				CLANG_WARN_DOCUMENTATION_COMMENTS = YES;
				CLANG_WARN_EMPTY_BODY = YES;
				CLANG_WARN_ENUM_CONVERSION = YES;
				CLANG_WARN_INFINITE_RECURSION = YES;
				CLANG_WARN_INT_CONVERSION = YES;
				CLANG_WARN_NON_LITERAL_NULL_CONVERSION = YES;
				CLANG_WARN_OBJC_LITERAL_CONVERSION = YES;
				CLANG_WARN_OBJC_ROOT_CLASS = YES_ERROR;
				CLANG_WARN_RANGE_LOOP_ANALYSIS = YES;
				CLANG_WARN_STRICT_PROTOTYPES = YES;
				CLANG_WARN_SUSPICIOUS_MOVE = YES;
				CLANG_WARN_UNGUARDED_AVAILABILITY = YES_AGGRESSIVE;
				CLANG_WARN_UNREACHABLE_CODE = YES;
				CLANG_WARN__DUPLICATE_METHOD_MATCH = YES;
				CODE_SIGN_IDENTITY = "iPhone Developer";
				COPY_PHASE_STRIP = NO;
				DEBUG_INFORMATION_FORMAT = "dwarf-with-dsym";
				ENABLE_NS_ASSERTIONS = NO;
				ENABLE_STRICT_OBJC_MSGSEND = YES;
				GCC_C_LANGUAGE_STANDARD = gnu11;
				GCC_NO_COMMON_BLOCKS = YES;
				GCC_WARN_64_TO_32_BIT_CONVERSION = YES;
				GCC_WARN_ABOUT_RETURN_TYPE = YES_ERROR;
				GCC_WARN_UNDECLARED_SELECTOR = YES;
				GCC_WARN_UNINITIALIZED_AUTOS = YES_AGGRESSIVE;
				GCC_WARN_UNUSED_FUNCTION = YES;
				GCC_WARN_UNUSED_VARIABLE = YES;
				IPHONEOS_DEPLOYMENT_TARGET = 11.1;
				MTL_ENABLE_DEBUG_INFO = NO;
				SDKROOT = iphoneos;
				SWIFT_OPTIMIZATION_LEVEL = "-Owholemodule";
				VALIDATE_PRODUCT = YES;
			};
			name = Release;
		};
		84C391BE1FA5233C0097642C /* Debug */ = {
			isa = XCBuildConfiguration;
			buildSettings = {
				ASSETCATALOG_COMPILER_APPICON_NAME = AppIcon;
				CODE_SIGN_STYLE = Automatic;
				INFOPLIST_FILE = "Mezclador Colores/Info.plist";
				LD_RUNPATH_SEARCH_PATHS = "$(inherited) @executable_path/Frameworks";
				PRODUCT_BUNDLE_IDENTIFIER = "com.udacity.Mezclador-Colores";
				PRODUCT_NAME = "$(TARGET_NAME)";
				SWIFT_VERSION = 4.0;
				TARGETED_DEVICE_FAMILY = "1,2";
			};
			name = Debug;
		};
		84C391BF1FA5233C0097642C /* Release */ = {
			isa = XCBuildConfiguration;
			buildSettings = {
				ASSETCATALOG_COMPILER_APPICON_NAME = AppIcon;
				CODE_SIGN_STYLE = Automatic;
				INFOPLIST_FILE = "Mezclador Colores/Info.plist";
				LD_RUNPATH_SEARCH_PATHS = "$(inherited) @executable_path/Frameworks";
				PRODUCT_BUNDLE_IDENTIFIER = "com.udacity.Mezclador-Colores";
				PRODUCT_NAME = "$(TARGET_NAME)";
				SWIFT_VERSION = 4.0;
				TARGETED_DEVICE_FAMILY = "1,2";
			};
			name = Release;
		};
		84C391C11FA5233C0097642C /* Debug */ = {
			isa = XCBuildConfiguration;
			buildSettings = {
				ALWAYS_EMBED_SWIFT_STANDARD_LIBRARIES = YES;
				BUNDLE_LOADER = "$(TEST_HOST)";
				CODE_SIGN_STYLE = Automatic;
				INFOPLIST_FILE = "Mezclador ColoresTests/Info.plist";
				LD_RUNPATH_SEARCH_PATHS = "$(inherited) @executable_path/Frameworks @loader_path/Frameworks";
				PRODUCT_BUNDLE_IDENTIFIER = "com.udacity.Mezclador-ColoresTests";
				PRODUCT_NAME = "$(TARGET_NAME)";
				SWIFT_VERSION = 4.0;
				TARGETED_DEVICE_FAMILY = "1,2";
				TEST_HOST = "$(BUILT_PRODUCTS_DIR)/Mezclador Colores.app/Mezclador Colores";
			};
			name = Debug;
		};
		84C391C21FA5233C0097642C /* Release */ = {
			isa = XCBuildConfiguration;
			buildSettings = {
				ALWAYS_EMBED_SWIFT_STANDARD_LIBRARIES = YES;
				BUNDLE_LOADER = "$(TEST_HOST)";
				CODE_SIGN_STYLE = Automatic;
				INFOPLIST_FILE = "Mezclador ColoresTests/Info.plist";
				LD_RUNPATH_SEARCH_PATHS = "$(inherited) @executable_path/Frameworks @loader_path/Frameworks";
				PRODUCT_BUNDLE_IDENTIFIER = "com.udacity.Mezclador-ColoresTests";
				PRODUCT_NAME = "$(TARGET_NAME)";
				SWIFT_VERSION = 4.0;
				TARGETED_DEVICE_FAMILY = "1,2";
				TEST_HOST = "$(BUILT_PRODUCTS_DIR)/Mezclador Colores.app/Mezclador Colores";
			};
			name = Release;
		};
		84C391C41FA5233C0097642C /* Debug */ = {
			isa = XCBuildConfiguration;
			buildSettings = {
				ALWAYS_EMBED_SWIFT_STANDARD_LIBRARIES = YES;
				CODE_SIGN_STYLE = Automatic;
				INFOPLIST_FILE = "Mezclador ColoresUITests/Info.plist";
				LD_RUNPATH_SEARCH_PATHS = "$(inherited) @executable_path/Frameworks @loader_path/Frameworks";
				PRODUCT_BUNDLE_IDENTIFIER = "com.udacity.Mezclador-ColoresUITests";
				PRODUCT_NAME = "$(TARGET_NAME)";
				SWIFT_VERSION = 4.0;
				TARGETED_DEVICE_FAMILY = "1,2";
				TEST_TARGET_NAME = "Mezclador Colores";
			};
			name = Debug;
		};
		84C391C51FA5233C0097642C /* Release */ = {
			isa = XCBuildConfiguration;
			buildSettings = {
				ALWAYS_EMBED_SWIFT_STANDARD_LIBRARIES = YES;
				CODE_SIGN_STYLE = Automatic;
				INFOPLIST_FILE = "Mezclador ColoresUITests/Info.plist";
				LD_RUNPATH_SEARCH_PATHS = "$(inherited) @executable_path/Frameworks @loader_path/Frameworks";
				PRODUCT_BUNDLE_IDENTIFIER = "com.udacity.Mezclador-ColoresUITests";
				PRODUCT_NAME = "$(TARGET_NAME)";
				SWIFT_VERSION = 4.0;
				TARGETED_DEVICE_FAMILY = "1,2";
				TEST_TARGET_NAME = "Mezclador Colores";
			};
			name = Release;
		};
/* End XCBuildConfiguration section */

/* Begin XCConfigurationList section */
		84C391901FA5233C0097642C /* Build configuration list for PBXProject "Mezclador Colores" */ = {
			isa = XCConfigurationList;
			buildConfigurations = (
				84C391BB1FA5233C0097642C /* Debug */,
				84C391BC1FA5233C0097642C /* Release */,
			);
			defaultConfigurationIsVisible = 0;
			defaultConfigurationName = Release;
		};
		84C391BD1FA5233C0097642C /* Build configuration list for PBXNativeTarget "Mezclador Colores" */ = {
			isa = XCConfigurationList;
			buildConfigurations = (
				84C391BE1FA5233C0097642C /* Debug */,
				84C391BF1FA5233C0097642C /* Release */,
			);
			defaultConfigurationIsVisible = 0;
			defaultConfigurationName = Release;
		};
		84C391C01FA5233C0097642C /* Build configuration list for PBXNativeTarget "Mezclador ColoresTests" */ = {
			isa = XCConfigurationList;
			buildConfigurations = (
				84C391C11FA5233C0097642C /* Debug */,
				84C391C21FA5233C0097642C /* Release */,
			);
			defaultConfigurationIsVisible = 0;
			defaultConfigurationName = Release;
		};
		84C391C31FA5233C0097642C /* Build configuration list for PBXNativeTarget "Mezclador ColoresUITests" */ = {
			isa = XCConfigurationList;
			buildConfigurations = (
				84C391C41FA5233C0097642C /* Debug */,
				84C391C51FA5233C0097642C /* Release */,
			);
			defaultConfigurationIsVisible = 0;
			defaultConfigurationName = Release;
		};
/* End XCConfigurationList section */
	};
	rootObject = 84C3918D1FA5233C0097642C /* Project object */;
}
